
Microsoft Visual Studio Solution File, Format Version 12.00
# Visual Studio Version 17
VisualStudioVersion = 17.5.33530.505
MinimumVisualStudioVersion = 10.0.40219.1
Project("{FAE04EC0-301F-11D3-BF4B-00C04F79EFBC}") = "my-books", "my-books\my-books.csproj", "{C01177B5-E153-46A4-BE6F-561585CE9715}"
EndProject
Global
	GlobalSection(SolutionConfigurationPlatforms) = preSolution
		Debug|Any CPU = Debug|Any CPU
		Release|Any CPU = Release|Any CPU
	EndGlobalSection
	GlobalSection(ProjectConfigurationPlatforms) = postSolution
		{C01177B5-E153-46A4-BE6F-561585CE9715}.Debug|Any CPU.ActiveCfg = Debug|Any CPU
		{C01177B5-E153-46A4-BE6F-561585CE9715}.Debug|Any CPU.Build.0 = Debug|Any CPU
		{C01177B5-E153-46A4-BE6F-561585CE9715}.Release|Any CPU.ActiveCfg = Release|Any CPU
		{C01177B5-E153-46A4-BE6F-561585CE9715}.Release|Any CPU.Build.0 = Release|Any CPU
	EndGlobalSection
	GlobalSection(SolutionProperties) = preSolution
		HideSolutionNode = FALSE
	EndGlobalSection
	GlobalSection(ExtensibilityGlobals) = postSolution
		SolutionGuid = {0A271119-40C5-4C0E-970D-5D6E369C5572}
	EndGlobalSection
EndGlobal
